
Microsoft Visual Studio Solution File, Format Version 12.00
# Visual Studio Version 17
VisualStudioVersion = 17.2.32602.215
MinimumVisualStudioVersion = 10.0.40219.1
Project("{FAE04EC0-301F-11D3-BF4B-00C04F79EFBC}") = "RoomCalc", "RoomCalc\RoomCalc.csproj", "{B99698FB-4424-40AA-9877-B9E3671344AB}"
EndProject
Global
	GlobalSection(SolutionConfigurationPlatforms) = preSolution
		Debug|Any CPU = Debug|Any CPU
		Release|Any CPU = Release|Any CPU
	EndGlobalSection
	GlobalSection(ProjectConfigurationPlatforms) = postSolution
		{B99698FB-4424-40AA-9877-B9E3671344AB}.Debug|Any CPU.ActiveCfg = Debug|Any CPU
		{B99698FB-4424-40AA-9877-B9E3671344AB}.Debug|Any CPU.Build.0 = Debug|Any CPU
		{B99698FB-4424-40AA-9877-B9E3671344AB}.Release|Any CPU.ActiveCfg = Release|Any CPU
		{B99698FB-4424-40AA-9877-B9E3671344AB}.Release|Any CPU.Build.0 = Release|Any CPU
	EndGlobalSection
	GlobalSection(SolutionProperties) = preSolution
		HideSolutionNode = FALSE
	EndGlobalSection
	GlobalSection(ExtensibilityGlobals) = postSolution
		SolutionGuid = {98B144E0-E6F0-4DB4-9280-AA39F88B759C}
	EndGlobalSection
EndGlobal
